
Microsoft Visual Studio Solution File, Format Version 12.00
# Visual Studio Version 17
VisualStudioVersion = 17.3.32901.215
MinimumVisualStudioVersion = 10.0.40219.1
Project("{FAE04EC0-301F-11D3-BF4B-00C04F79EFBC}") = "WizLib", "WizLib\WizLib.csproj", "{A00B7630-26FB-4807-9F3D-D07CD6B7F88F}"
EndProject
Project("{FAE04EC0-301F-11D3-BF4B-00C04F79EFBC}") = "WizLib_DataAccess", "WizLib_DataAccess\WizLib_DataAccess.csproj", "{AA327409-DB66-4800-AD43-99493E2F3EEC}"
EndProject
Project("{FAE04EC0-301F-11D3-BF4B-00C04F79EFBC}") = "WizLib_Model", "WizLib_Model\WizLib_Model.csproj", "{AB964AA3-0092-4AA6-A6C0-D2AC527428E7}"
EndProject
Global
	GlobalSection(SolutionConfigurationPlatforms) = preSolution
		Debug|Any CPU = Debug|Any CPU
		Release|Any CPU = Release|Any CPU
	EndGlobalSection
	GlobalSection(ProjectConfigurationPlatforms) = postSolution
		{A00B7630-26FB-4807-9F3D-D07CD6B7F88F}.Debug|Any CPU.ActiveCfg = Debug|Any CPU
		{A00B7630-26FB-4807-9F3D-D07CD6B7F88F}.Debug|Any CPU.Build.0 = Debug|Any CPU
		{A00B7630-26FB-4807-9F3D-D07CD6B7F88F}.Release|Any CPU.ActiveCfg = Release|Any CPU
		{A00B7630-26FB-4807-9F3D-D07CD6B7F88F}.Release|Any CPU.Build.0 = Release|Any CPU
		{AA327409-DB66-4800-AD43-99493E2F3EEC}.Debug|Any CPU.ActiveCfg = Debug|Any CPU
		{AA327409-DB66-4800-AD43-99493E2F3EEC}.Debug|Any CPU.Build.0 = Debug|Any CPU
		{AA327409-DB66-4800-AD43-99493E2F3EEC}.Release|Any CPU.ActiveCfg = Release|Any CPU
		{AA327409-DB66-4800-AD43-99493E2F3EEC}.Release|Any CPU.Build.0 = Release|Any CPU
		{AB964AA3-0092-4AA6-A6C0-D2AC527428E7}.Debug|Any CPU.ActiveCfg = Debug|Any CPU
		{AB964AA3-0092-4AA6-A6C0-D2AC527428E7}.Debug|Any CPU.Build.0 = Debug|Any CPU
		{AB964AA3-0092-4AA6-A6C0-D2AC527428E7}.Release|Any CPU.ActiveCfg = Release|Any CPU
		{AB964AA3-0092-4AA6-A6C0-D2AC527428E7}.Release|Any CPU.Build.0 = Release|Any CPU
	EndGlobalSection
	GlobalSection(SolutionProperties) = preSolution
		HideSolutionNode = FALSE
	EndGlobalSection
	GlobalSection(ExtensibilityGlobals) = postSolution
		SolutionGuid = {A24CA82F-55C7-4699-8EBD-E4A6F3FCF8AC}
	EndGlobalSection
EndGlobal
